
Microsoft Visual Studio Solution File, Format Version 12.00
# Visual Studio Version 17
VisualStudioVersion = 17.8.34511.84
MinimumVisualStudioVersion = 10.0.40219.1
Project("{FAE04EC0-301F-11D3-BF4B-00C04F79EFBC}") = "DAL", "DAL\DAL.csproj", "{28257833-C1A9-40D0-85E6-1F9D0261DF90}"
EndProject
Project("{FAE04EC0-301F-11D3-BF4B-00C04F79EFBC}") = "DTO", "DTO\DTO.csproj", "{C2402222-219E-4FC5-827B-761371F2B270}"
EndProject
Project("{FAE04EC0-301F-11D3-BF4B-00C04F79EFBC}") = "BLL", "BLL\BLL.csproj", "{F9336F86-0BC2-4E8C-877F-E63D1BEBF798}"
EndProject
Project("{FAE04EC0-301F-11D3-BF4B-00C04F79EFBC}") = "WPFGUI", "WPFGUI\WPFGUI.csproj", "{BE40CFF1-DB3F-4C3B-B8D8-B477CF29A8CF}"
EndProject
Project("{FAE04EC0-301F-11D3-BF4B-00C04F79EFBC}") = "WebGUI", "WebGUI\WebGUI.csproj", "{B7C274CC-3FE9-4CF8-8AFB-5CD9AB287E74}"
EndProject
Global
	GlobalSection(SolutionConfigurationPlatforms) = preSolution
		Debug|Any CPU = Debug|Any CPU
		Release|Any CPU = Release|Any CPU
	EndGlobalSection
	GlobalSection(ProjectConfigurationPlatforms) = postSolution
		{28257833-C1A9-40D0-85E6-1F9D0261DF90}.Debug|Any CPU.ActiveCfg = Debug|Any CPU
		{28257833-C1A9-40D0-85E6-1F9D0261DF90}.Debug|Any CPU.Build.0 = Debug|Any CPU
		{28257833-C1A9-40D0-85E6-1F9D0261DF90}.Release|Any CPU.ActiveCfg = Release|Any CPU
		{28257833-C1A9-40D0-85E6-1F9D0261DF90}.Release|Any CPU.Build.0 = Release|Any CPU
		{C2402222-219E-4FC5-827B-761371F2B270}.Debug|Any CPU.ActiveCfg = Debug|Any CPU
		{C2402222-219E-4FC5-827B-761371F2B270}.Debug|Any CPU.Build.0 = Debug|Any CPU
		{C2402222-219E-4FC5-827B-761371F2B270}.Release|Any CPU.ActiveCfg = Release|Any CPU
		{C2402222-219E-4FC5-827B-761371F2B270}.Release|Any CPU.Build.0 = Release|Any CPU
		{F9336F86-0BC2-4E8C-877F-E63D1BEBF798}.Debug|Any CPU.ActiveCfg = Debug|Any CPU
		{F9336F86-0BC2-4E8C-877F-E63D1BEBF798}.Debug|Any CPU.Build.0 = Debug|Any CPU
		{F9336F86-0BC2-4E8C-877F-E63D1BEBF798}.Release|Any CPU.ActiveCfg = Release|Any CPU
		{F9336F86-0BC2-4E8C-877F-E63D1BEBF798}.Release|Any CPU.Build.0 = Release|Any CPU
		{BE40CFF1-DB3F-4C3B-B8D8-B477CF29A8CF}.Debug|Any CPU.ActiveCfg = Debug|Any CPU
		{BE40CFF1-DB3F-4C3B-B8D8-B477CF29A8CF}.Debug|Any CPU.Build.0 = Debug|Any CPU
		{BE40CFF1-DB3F-4C3B-B8D8-B477CF29A8CF}.Release|Any CPU.ActiveCfg = Release|Any CPU
		{BE40CFF1-DB3F-4C3B-B8D8-B477CF29A8CF}.Release|Any CPU.Build.0 = Release|Any CPU
		{B7C274CC-3FE9-4CF8-8AFB-5CD9AB287E74}.Debug|Any CPU.ActiveCfg = Debug|Any CPU
		{B7C274CC-3FE9-4CF8-8AFB-5CD9AB287E74}.Debug|Any CPU.Build.0 = Debug|Any CPU
		{B7C274CC-3FE9-4CF8-8AFB-5CD9AB287E74}.Release|Any CPU.ActiveCfg = Release|Any CPU
		{B7C274CC-3FE9-4CF8-8AFB-5CD9AB287E74}.Release|Any CPU.Build.0 = Release|Any CPU
	EndGlobalSection
	GlobalSection(SolutionProperties) = preSolution
		HideSolutionNode = FALSE
	EndGlobalSection
	GlobalSection(ExtensibilityGlobals) = postSolution
		SolutionGuid = {AC43944D-0A50-4564-A010-C7B5CE553AD5}
	EndGlobalSection
EndGlobal
